PODS:
  - FBRouter (0.0.4):
    - FBRouter/FBRouter (= 0.0.4)
  - FBRouter/FBRouter (0.0.4)

DEPENDENCIES:
  - FBRouter (from `../`)

EXTERNAL SOURCES:
  FBRouter:
    :path: "../"

SPEC CHECKSUMS:
  FBRouter: 394ec64f09c6f15ba96529fdda7fe61951d48c01

PODFILE CHECKSUM: 3ac67ad5c8044398b71b423c2961daa9246035d4

COCOAPODS: 1.12.1
